
Microsoft Visual Studio Solution File, Format Version 12.00
# Visual Studio Version 16
VisualStudioVersion = 16.0.32630.194
MinimumVisualStudioVersion = 10.0.40219.1
Project("{FAE04EC0-301F-11D3-BF4B-00C04F79EFBC}") = "SRidesgloceFacturas", "SRidesgloceFacturas.csproj", "{F7B86700-6B65-45E0-98DC-26D466D1B70B}"
EndProject
Project("{FAE04EC0-301F-11D3-BF4B-00C04F79EFBC}") = "Data", "..\Data\Data.csproj", "{2EE2D323-0483-402F-8D6E-992F024957B5}"
EndProject
Project("{FAE04EC0-301F-11D3-BF4B-00C04F79EFBC}") = "Logica", "..\Logica\Logica.csproj", "{9A25D49B-F4B1-4C18-9079-FD63CD34F38C}"
EndProject
Global
	GlobalSection(SolutionConfigurationPlatforms) = preSolution
		Debug|Any CPU = Debug|Any CPU
		Release|Any CPU = Release|Any CPU
	EndGlobalSection
	GlobalSection(ProjectConfigurationPlatforms) = postSolution
		{F7B86700-6B65-45E0-98DC-26D466D1B70B}.Debug|Any CPU.ActiveCfg = Debug|Any CPU
		{F7B86700-6B65-45E0-98DC-26D466D1B70B}.Debug|Any CPU.Build.0 = Debug|Any CPU
		{F7B86700-6B65-45E0-98DC-26D466D1B70B}.Release|Any CPU.ActiveCfg = Release|Any CPU
		{F7B86700-6B65-45E0-98DC-26D466D1B70B}.Release|Any CPU.Build.0 = Release|Any CPU
		{2EE2D323-0483-402F-8D6E-992F024957B5}.Debug|Any CPU.ActiveCfg = Debug|Any CPU
		{2EE2D323-0483-402F-8D6E-992F024957B5}.Debug|Any CPU.Build.0 = Debug|Any CPU
		{2EE2D323-0483-402F-8D6E-992F024957B5}.Release|Any CPU.ActiveCfg = Release|Any CPU
		{2EE2D323-0483-402F-8D6E-992F024957B5}.Release|Any CPU.Build.0 = Release|Any CPU
		{9A25D49B-F4B1-4C18-9079-FD63CD34F38C}.Debug|Any CPU.ActiveCfg = Debug|Any CPU
		{9A25D49B-F4B1-4C18-9079-FD63CD34F38C}.Debug|Any CPU.Build.0 = Debug|Any CPU
		{9A25D49B-F4B1-4C18-9079-FD63CD34F38C}.Release|Any CPU.ActiveCfg = Release|Any CPU
		{9A25D49B-F4B1-4C18-9079-FD63CD34F38C}.Release|Any CPU.Build.0 = Release|Any CPU
	EndGlobalSection
	GlobalSection(SolutionProperties) = preSolution
		HideSolutionNode = FALSE
	EndGlobalSection
	GlobalSection(ExtensibilityGlobals) = postSolution
		SolutionGuid = {CE30CF06-9434-4406-9E75-A4CC0F78B371}
	EndGlobalSection
EndGlobal
